
Microsoft Visual Studio Solution File, Format Version 12.00
# Visual Studio 15
VisualStudioVersion = 15.0.28307.438
MinimumVisualStudioVersion = 10.0.40219.1
Project("{FAE04EC0-301F-11D3-BF4B-00C04F79EFBC}") = "FixingRandom", "FixingRandom\FixingRandom.csproj", "{E8174C27-F714-4949-BC72-BD4872556AB6}"
EndProject
Global
	GlobalSection(SolutionConfigurationPlatforms) = preSolution
		Debug|Any CPU = Debug|Any CPU
		Release|Any CPU = Release|Any CPU
	EndGlobalSection
	GlobalSection(ProjectConfigurationPlatforms) = postSolution
		{E8174C27-F714-4949-BC72-BD4872556AB6}.Debug|Any CPU.ActiveCfg = Debug|Any CPU
		{E8174C27-F714-4949-BC72-BD4872556AB6}.Debug|Any CPU.Build.0 = Debug|Any CPU
		{E8174C27-F714-4949-BC72-BD4872556AB6}.Release|Any CPU.ActiveCfg = Release|Any CPU
		{E8174C27-F714-4949-BC72-BD4872556AB6}.Release|Any CPU.Build.0 = Release|Any CPU
	EndGlobalSection
	GlobalSection(SolutionProperties) = preSolution
		HideSolutionNode = FALSE
	EndGlobalSection
	GlobalSection(ExtensibilityGlobals) = postSolution
		SolutionGuid = {7109E23D-F585-40EF-B0AE-AE329ED13F08}
	EndGlobalSection
EndGlobal
